
Microsoft Visual Studio Solution File, Format Version 11.00
# Visual Studio 2010
Project("{FAE04EC0-301F-11D3-BF4B-00C04F79EFBC}") = "PostSharpWeaving.Tests", "PostSharpWeaving.Tests\PostSharpWeaving.Tests.csproj", "{508A245F-23BC-4BD8-A543-DB514618B84D}"
EndProject
Global
	GlobalSection(SolutionConfigurationPlatforms) = preSolution
		Debug|Any CPU = Debug|Any CPU
	EndGlobalSection
	GlobalSection(ProjectConfigurationPlatforms) = postSolution
		{508A245F-23BC-4BD8-A543-DB514618B84D}.Debug|Any CPU.ActiveCfg = Debug|Any CPU
		{508A245F-23BC-4BD8-A543-DB514618B84D}.Debug|Any CPU.Build.0 = Debug|Any CPU
	EndGlobalSection
	GlobalSection(SolutionProperties) = preSolution
		HideSolutionNode = FALSE
	EndGlobalSection
EndGlobal
